
Microsoft Visual Studio Solution File, Format Version 12.00
# Visual Studio Version 16
VisualStudioVersion = 16.0.31112.23
MinimumVisualStudioVersion = 10.0.40219.1
Project("{FAE04EC0-301F-11D3-BF4B-00C04F79EFBC}") = "EinsteinRiddleSolver", "EinsteinRiddleSolver\EinsteinRiddleSolver.csproj", "{BAADE737-3EF3-4460-9CF2-B99C26A2F561}"
EndProject
Global
	GlobalSection(SolutionConfigurationPlatforms) = preSolution
		Debug|Any CPU = Debug|Any CPU
		Release|Any CPU = Release|Any CPU
	EndGlobalSection
	GlobalSection(ProjectConfigurationPlatforms) = postSolution
		{BAADE737-3EF3-4460-9CF2-B99C26A2F561}.Debug|Any CPU.ActiveCfg = Debug|Any CPU
		{BAADE737-3EF3-4460-9CF2-B99C26A2F561}.Debug|Any CPU.Build.0 = Debug|Any CPU
		{BAADE737-3EF3-4460-9CF2-B99C26A2F561}.Release|Any CPU.ActiveCfg = Release|Any CPU
		{BAADE737-3EF3-4460-9CF2-B99C26A2F561}.Release|Any CPU.Build.0 = Release|Any CPU
	EndGlobalSection
	GlobalSection(SolutionProperties) = preSolution
		HideSolutionNode = FALSE
	EndGlobalSection
	GlobalSection(ExtensibilityGlobals) = postSolution
		SolutionGuid = {02533E9F-CCF7-4659-AB7A-C2060722041B}
	EndGlobalSection
EndGlobal
